
Microsoft Visual Studio Solution File, Format Version 12.00
# Visual Studio 15
VisualStudioVersion = 15.0.28307.2092
MinimumVisualStudioVersion = 10.0.40219.1
Project("{8BC9CEB8-8B4A-11D0-8D11-00A0C91BC942}") = "anvil", "anvil\anvil.vcxproj", "{4608F85E-948E-49D7-90A3-CAA7339689CF}"
EndProject
Global
	GlobalSection(SolutionConfigurationPlatforms) = preSolution
		Debug|x64 = Debug|x64
		Debug|x86 = Debug|x86
		Release|x64 = Release|x64
		Release|x86 = Release|x86
	EndGlobalSection
	GlobalSection(ProjectConfigurationPlatforms) = postSolution
		{4608F85E-948E-49D7-90A3-CAA7339689CF}.Debug|x64.ActiveCfg = Debug|x64
		{4608F85E-948E-49D7-90A3-CAA7339689CF}.Debug|x64.Build.0 = Debug|x64
		{4608F85E-948E-49D7-90A3-CAA7339689CF}.Debug|x86.ActiveCfg = Debug|Win32
		{4608F85E-948E-49D7-90A3-CAA7339689CF}.Debug|x86.Build.0 = Debug|Win32
		{4608F85E-948E-49D7-90A3-CAA7339689CF}.Release|x64.ActiveCfg = Release|x64
		{4608F85E-948E-49D7-90A3-CAA7339689CF}.Release|x64.Build.0 = Release|x64
		{4608F85E-948E-49D7-90A3-CAA7339689CF}.Release|x86.ActiveCfg = Release|Win32
		{4608F85E-948E-49D7-90A3-CAA7339689CF}.Release|x86.Build.0 = Release|Win32
	EndGlobalSection
	GlobalSection(SolutionProperties) = preSolution
		HideSolutionNode = FALSE
	EndGlobalSection
	GlobalSection(ExtensibilityGlobals) = postSolution
		SolutionGuid = {F8B48395-B283-430A-BC04-405A55118D28}
	EndGlobalSection
EndGlobal
